
Microsoft Visual Studio Solution File, Format Version 12.00
# Visual Studio 15
VisualStudioVersion = 15.0.27130.2020
MinimumVisualStudioVersion = 10.0.40219.1
Project("{FAE04EC0-301F-11D3-BF4B-00C04F79EFBC}") = "RSSFeed", "RSSFeed\RSSFeed.csproj", "{9FCF80A0-E470-4B00-9170-D69E0739EEB1}"
EndProject
Global
	GlobalSection(SolutionConfigurationPlatforms) = preSolution
		Debug|Any CPU = Debug|Any CPU
		Release|Any CPU = Release|Any CPU
	EndGlobalSection
	GlobalSection(ProjectConfigurationPlatforms) = postSolution
		{9FCF80A0-E470-4B00-9170-D69E0739EEB1}.Debug|Any CPU.ActiveCfg = Debug|Any CPU
		{9FCF80A0-E470-4B00-9170-D69E0739EEB1}.Debug|Any CPU.Build.0 = Debug|Any CPU
		{9FCF80A0-E470-4B00-9170-D69E0739EEB1}.Release|Any CPU.ActiveCfg = Release|Any CPU
		{9FCF80A0-E470-4B00-9170-D69E0739EEB1}.Release|Any CPU.Build.0 = Release|Any CPU
	EndGlobalSection
	GlobalSection(SolutionProperties) = preSolution
		HideSolutionNode = FALSE
	EndGlobalSection
	GlobalSection(ExtensibilityGlobals) = postSolution
		SolutionGuid = {154E262F-76AA-4C15-B6DA-D560B21B1936}
	EndGlobalSection
EndGlobal
